<?xml version="1.0" encoding="utf-8"?>
<Project ToolsVersion="4.0" xmlns="http://schemas.microsoft.com/developer/msbuild/2003">
  <ItemGroup>
    <Filter Include="Source Files">
      <UniqueIdentifier>{4FC737F1-C7A5-4376-A066-2A32D752A2FF}</UniqueIdentifier>
      <Extensions>cpp;c;cc;cxx;def;odl;idl;hpj;bat;asm;asmx</Extensions>
    </Filter>
    <Filter Include="Header Files">
      <UniqueIdentifier>{93995380-89BD-4b04-88EB-625FBE52EBFB}</UniqueIdentifier>
      <Extensions>h;hpp;hxx;hm;inl;inc;xsd</Extensions>
    </Filter>
    <Filter Include="Resource Files">
      <UniqueIdentifier>{67DA6AB6-F800-4c08-8B7A-83BB121AAD01}</UniqueIdentifier>
      <Extensions>rc;ico;cur;bmp;dlg;rc2;rct;bin;rgs;gif;jpg;jpeg;jpe;resx;tiff;tif;png;wav</Extensions>
    </Filter>
  </ItemGroup>
  <ItemGroup>
    <None Include="postbuild.bat">
      <Filter>Source Files</Filter>
    </None>
    <None Include="content\374509882DE749DA9148D5D3F51D20D1\1\data\map.jpg">
      <Filter>Resource Files</Filter>
    </None>
    <None Include="examples\demo3\airplane_1.liveobject" />
    <None Include="examples\demo2\airplane_1.liveobject" />
    <None Include="examples\demo2\airplane_2.liveobject" />
    <None Include="examples\demo3\airplane_2.liveobject" />
    <None Include="examples\demo2\airplane_3.liveobject" />
    <None Include="examples\demo3\airplane_3.liveobject" />
    <None Include="examples\demo3\building_1_publisher.liveobject" />
    <None Include="examples\demo2\building_1_publisher.liveobject" />
    <None Include="examples\demo2\building_1_subscriber.liveobject" />
    <None Include="examples\demo3\building_1_subscriber.liveobject" />
    <None Include="examples\demo2\building_2.liveobject" />
    <None Include="examples\demo3\building_2.liveobject" />
    <None Include="examples\demo2\building_3.liveobject" />
    <None Include="examples\demo3\building_3.liveobject" />
    <None Include="examples\building_publisher_00.liveobject" />
    <None Include="examples\building_publisher_01.liveobject" />
    <None Include="examples\building_publisher_02.liveobject" />
    <None Include="examples\building_standalone_03.liveobject" />
    <None Include="examples\building_standalone_04.liveobject" />
    <None Include="examples\building_standalone_05.liveobject" />
    <None Include="examples\building_standalone_06.liveobject" />
    <None Include="examples\building_standalone_07.liveobject" />
    <None Include="examples\building_standalone_08.liveobject" />
    <None Include="examples\building_standalone_09.liveobject" />
    <None Include="examples\building_standalone_10.liveobject" />
    <None Include="examples\building_standalone_11.liveobject" />
    <None Include="examples\building_standalone_12.liveobject" />
    <None Include="examples\building_standalone_13.liveobject" />
    <None Include="examples\building_standalone_14.liveobject" />
    <None Include="examples\building_standalone_15.liveobject" />
    <None Include="examples\building_subscriber_00.liveobject" />
    <None Include="examples\building_subscriber_01.liveobject" />
    <None Include="examples\building_subscriber_02.liveobject" />
    <None Include="services\cc.liveobject" />
    <None Include="examples\demo3\census_data_nyc.liveobject" />
    <None Include="examples\demo2\census_data_nyc.liveobject" />
    <None Include="examples\propertiesframework\CentralizedChannelOverAbstractTransportClient.liveobject" />
    <None Include="examples\propertiesframework\CentralizedChannelOverAbstractTransportServer.liveobject" />
    <None Include="examples\propertiesframework\ChannelControl.liveobject" />
    <None Include="examples\channels.liveobject" />
    <None Include="registry\3959133F87E84D909DF70C5C2B4F2CB7\channels_qsm_registry.liveobject" />
    <None Include="examples\demo3\channels_server.liveobject" />
    <None Include="examples\channels_server.liveobject" />
    <None Include="registry\011E83FA6A9F426993BB8EF26FF7D7B8\communication_c.liveobject" />
    <None Include="registry\5356357BBA5244009D3094BEBBB3A8B4\communication_s.liveobject" />
    <None Include="examples\components.liveobject" />
    <None Include="examples\coordinates_0.liveobject" />
    <None Include="examples\coordinates_1.liveobject" />
    <None Include="examples\coordinates_2.liveobject" />
    <None Include="examples\coordinates_3.liveobject" />
    <None Include="examples\coordinates_4.liveobject" />
    <None Include="examples\coordinates_5.liveobject" />
    <None Include="content\374509882DE749DA9148D5D3F51D20D1\1\data\F_18.xnb" />
    <None Include="content\374509882DE749DA9148D5D3F51D20D1\1\data\fighter_1.xnb" />
    <None Include="examples\demo2\GeoDiscoveryServer.liveobject" />
    <None Include="examples\demo3\GeoDiscoveryServer.liveobject" />
    <None Include="services\GOInitializer.liveobject" />
    <None Include="examples\GOUser_receive.liveobject" />
    <None Include="examples\GOUser_send.liveobject" />
    <None Include="examples\image_1.liveobject" />
    <None Include="examples\image_2.liveobject" />
    <None Include="examples\image_3.liveobject" />
    <None Include="examples\image_4.liveobject" />
    <None Include="content\374509882DE749DA9148D5D3F51D20D1\1\data\jet1.xnb" />
    <None Include="content\C312BA6E943345baA586A9263E840CC6\1\data\Kootenay12.xnb" />
    <None Include="content\C312BA6E943345baA586A9263E840CC6\1\data\Kootenay14.xnb" />
    <None Include="registry\EE959E9734974365B4DE82D433BD38AB\machinecontroller.liveobject" />
    <None Include="examples\map_3d.liveobject" />
    <None Include="examples\demo2\map_aerial.liveobject" />
    <None Include="examples\demo3\map_aerial.liveobject" />
    <None Include="examples\demo3\map_road.liveobject" />
    <None Include="examples\demo2\map_road.liveobject" />
    <None Include="examples\demo3\map_traffic.liveobject" />
    <None Include="examples\demo2\map_traffic.liveobject" />
    <None Include="examples\propertiesframework\Membership Channel (Server)_TCP.liveobject" />
    <None Include="content\C312BA6E943345baA586A9263E840CC6\1\metadata.xml" />
    <None Include="channels\00000000000000000000000000001019\metadata.xml" />
    <None Include="channels\00000000000000000000000000001020\metadata.xml" />
    <None Include="channels\00000000000000000000000000001021\metadata.xml" />
    <None Include="channels\00000000000000000000000000001022\metadata.xml" />
    <None Include="channels\00000000000000000000000000001023\metadata.xml" />
    <None Include="channels\00000000000000000000000000001024\metadata.xml" />
    <None Include="channels\00000000000000000000000000001029\metadata.xml" />
    <None Include="channels\00000000000000000000000000001032\metadata.xml" />
    <None Include="channels\00000000000000000000000000001030\metadata.xml" />
    <None Include="channels\00000000000000000000000000001031\metadata.xml" />
    <None Include="content\374509882DE749DA9148D5D3F51D20D1\1\metadata.xml" />
    <None Include="channels\00000000000000000000000000000026\metadata.xml" />
    <None Include="channels\00000000000000000000000000000025\metadata.xml" />
    <None Include="channels\00000000000000000000000000000024\metadata.xml" />
    <None Include="channels\00000000000000000000000000000023\metadata.xml" />
    <None Include="channels\00000000000000000000000000000022\metadata.xml" />
    <None Include="channels\00000000000000000000000000000020\metadata.xml" />
    <None Include="channels\00000000000000000000000000000030\metadata.xml" />
    <None Include="channels\00000000000000000000000000000013\metadata.xml" />
    <None Include="channels\00000000000000000000000000000014\metadata.xml" />
    <None Include="channels\00000000000000000000000000000015\metadata.xml" />
    <None Include="channels\00000000000000000000000000000016\metadata.xml" />
    <None Include="channels\00000000000000000000000000000029\metadata.xml" />
    <None Include="channels\00000000000000000000000000000017\metadata.xml" />
    <None Include="channels\00000000000000000000000000000018\metadata.xml" />
    <None Include="channels\00000000000000000000000000000019\metadata.xml" />
    <None Include="channels\00000000000000000000000000000021\metadata.xml" />
    <None Include="channels\00000000000000000000000000000047\metadata.xml" />
    <None Include="channels\00000000000000000000000000000046\metadata.xml" />
    <None Include="channels\00000000000000000000000000000048\metadata.xml" />
    <None Include="channels\00000000000000000000000000001028\metadata.xml" />
    <None Include="channels\00000000000000000000000000000010\metadata.xml" />
    <None Include="channels\00000000000000000000000000001026\metadata.xml" />
    <None Include="channels\00000000000000000000000000000031\metadata.xml" />
    <None Include="channels\00000000000000000000000000000032\metadata.xml" />
    <None Include="channels\00000000000000000000000000000045\metadata.xml" />
    <None Include="channels\00000000000000000000000000000044\metadata.xml" />
    <None Include="channels\00000000000000000000000000000043\metadata.xml" />
    <None Include="channels\00000000000000000000000000000042\metadata.xml" />
    <None Include="channels\00000000000000000000000000000041\metadata.xml" />
    <None Include="channels\00000000000000000000000000000040\metadata.xml" />
    <None Include="channels\00000000000000000000000000000039\metadata.xml" />
    <None Include="channels\00000000000000000000000000000005\metadata.xml" />
    <None Include="channels\00000000000000000000000000000004\metadata.xml" />
    <None Include="channels\00000000000000000000000000000003\metadata.xml" />
    <None Include="channels\00000000000000000000000000000002\metadata.xml" />
    <None Include="channels\00000000000000000000000000000001\metadata.xml" />
    <None Include="channels\00000000000000000000000000000038\metadata.xml" />
    <None Include="channels\00000000000000000000000000001025\metadata.xml" />
    <None Include="channels\00000000000000000000000000000037\metadata.xml" />
    <None Include="channels\00000000000000000000000000000035\metadata.xml" />
    <None Include="channels\00000000000000000000000000000036\metadata.xml" />
    <None Include="channels\00000000000000000000000000000011\metadata.xml" />
    <None Include="channels\00000000000000000000000000000008\metadata.xml" />
    <None Include="channels\00000000000000000000000000000009\metadata.xml" />
    <None Include="channels\00000000000000000000000000000006\metadata.xml" />
    <None Include="channels\00000000000000000000000000000007\metadata.xml" />
    <None Include="channels\00000000000000000000000000000033\metadata.xml" />
    <None Include="channels\00000000000000000000000000000027\metadata.xml" />
    <None Include="channels\00000000000000000000000000001027\metadata.xml" />
    <None Include="channels\00000000000000000000000000000034\metadata.xml" />
    <None Include="channels\00000000000000000000000000000012\metadata.xml" />
    <None Include="channels\00000000000000000000000000000028\metadata.xml" />
    <None Include="channels\00000000000000000000000000001001\metadata.xml" />
    <None Include="channels\00000000000000000000000000001002\metadata.xml" />
    <None Include="channels\00000000000000000000000000001003\metadata.xml" />
    <None Include="channels\00000000000000000000000000001004\metadata.xml" />
    <None Include="channels\00000000000000000000000000001005\metadata.xml" />
    <None Include="channels\00000000000000000000000000001006\metadata.xml" />
    <None Include="channels\00000000000000000000000000001007\metadata.xml" />
    <None Include="channels\00000000000000000000000000001008\metadata.xml" />
    <None Include="channels\00000000000000000000000000001009\metadata.xml" />
    <None Include="channels\00000000000000000000000000001010\metadata.xml" />
    <None Include="channels\00000000000000000000000000001011\metadata.xml" />
    <None Include="channels\00000000000000000000000000001012\metadata.xml" />
    <None Include="channels\00000000000000000000000000001013\metadata.xml" />
    <None Include="channels\00000000000000000000000000001014\metadata.xml" />
    <None Include="channels\00000000000000000000000000001015\metadata.xml" />
    <None Include="channels\00000000000000000000000000001016\metadata.xml" />
    <None Include="channels\00000000000000000000000000001017\metadata.xml" />
    <None Include="channels\00000000000000000000000000001018\metadata.xml" />
    <None Include="examples\object_designer.liveobject" />
    <None Include="examples\propertiesframework\ObjectExplorer.liveobject" />
    <None Include="content\374509882DE749DA9148D5D3F51D20D1\1\data\plane.xnb" />
    <None Include="content\374509882DE749DA9148D5D3F51D20D1\1\data\plane_1.xnb" />
    <None Include="content\374509882DE749DA9148D5D3F51D20D1\1\data\plane_1_0.xnb" />
    <None Include="examples\plane_publisher_00.liveobject" />
    <None Include="examples\plane_standalone_01.liveobject" />
    <None Include="examples\plane_standalone_02.liveobject" />
    <None Include="examples\plane_standalone_03.liveobject" />
    <None Include="examples\plane_standalone_04.liveobject" />
    <None Include="examples\plane_standalone_05.liveobject" />
    <None Include="examples\plane_standalone_06.liveobject" />
    <None Include="examples\plane_standalone_07.liveobject" />
    <None Include="examples\plane_standalone_08.liveobject" />
    <None Include="examples\plane_standalone_09.liveobject" />
    <None Include="examples\plane_subscriber_00.liveobject" />
    <None Include="content\374509882DE749DA9148D5D3F51D20D1\1\data\prop.xnb" />
    <None Include="registry\010BA5DB9C7F48B0A242A0AD2EF73C54\quicksilver_c.liveobject" />
    <None Include="services\quicksilver_coordinator.liveobject" />
    <None Include="registry\BD0D4E2D3C23407380B3092343E2176F\quicksilver_g.liveobject" />
    <None Include="services\quicksilver_localservice.liveobject" />
    <None Include="registry\571A2D935613476B9E82D16E089EA596\quicksilver_s.liveobject" />
    <None Include="content\374509882DE749DA9148D5D3F51D20D1\1\data\README.txt" />
    <None Include="content\374509882DE749DA9148D5D3F51D20D1\1\data\S-21.xnb" />
    <None Include="examples\shared_desktop_1.liveobject" />
    <None Include="examples\shared_desktop_2.liveobject" />
    <None Include="examples\shared_desktop_3.liveobject" />
    <None Include="examples\shared_desktop_4.liveobject" />
    <None Include="examples\shared_folder_1.liveobject" />
    <None Include="examples\demo3\shared_folder_1_view.liveobject" />
    <None Include="examples\shared_folder_1_view.liveobject" />
    <None Include="examples\shared_folder_2.liveobject" />
    <None Include="examples\demo3\shared_folder_2_view.liveobject" />
    <None Include="examples\shared_folder_2_view.liveobject" />
    <None Include="examples\demo3\shared_text_1.liveobject" />
    <None Include="examples\shared_text_1.liveobject" />
    <None Include="examples\shared_text_1_qsm.liveobject" />
    <None Include="examples\demo2\shared_text_1_renderer.liveobject" />
    <None Include="examples\demo3\shared_text_1_renderer.liveobject" />
    <None Include="examples\shared_text_2.liveobject" />
    <None Include="examples\shared_text_3.liveobject" />
    <None Include="examples\shared_text_4.liveobject" />
    <None Include="examples\demo2\STUNServer.liveobject" />
    <None Include="examples\demo2\STUNTransportClient.liveobject" />
    <None Include="content\374509882DE749DA9148D5D3F51D20D1\1\data\Su-27.xnb" />
    <None Include="content\374509882DE749DA9148D5D3F51D20D1\1\data\tank.xnb" />
    <None Include="examples\propertiesframework\TestEsb.liveobject" />
    <None Include="examples\Text_1_over_Ring_UDC.liveobject" />
    <None Include="examples\Text_1_over_Tree_UDC.liveobject" />
    <None Include="examples\propertiesframework\TextFileBacking.liveobject" />
    <None Include="examples\TextGenerator.liveobject" />
    <None Include="examples\TextGenerator_timed.liveobject" />
    <None Include="examples\TextGenerator_timed2.liveobject" />
    <None Include="examples\propertiesframework\TextMC_TCP.liveobject" />
    <None Include="examples\propertiesframework\TextOverWcfChannel.liveobject" />
    <None Include="examples\the_beast.liveobject" />
    <None Include="content\374509882DE749DA9148D5D3F51D20D1\1\data\ThunderboltFighter.xnb" />
    <None Include="content\374509882DE749DA9148D5D3F51D20D1\1\data\ThunderhawkGunship.xnb" />
    <None Include="registry\957FFCB9E86E48E6B0B297C6CA7CFB3C\uplink.liveobject" />
    <None Include="examples\propertiesframework\WcfChannelControllerForText.liveobject" />
    <None Include="examples\demo2\weather_3x3_internet.liveobject" />
    <None Include="examples\demo3\weather_3x3_no_internet.liveobject" />
    <None Include="examples\demo2\weather_3x3_no_internet.liveobject" />
    <None Include="examples\demo2\weather_internet.liveobject" />
    <None Include="examples\demo2\weather_no_internet.liveobject" />
    <None Include="examples\window.liveobject" />
    <None Include="examples\window_x.liveobject" />
    <None Include="examples\demo2\xna_ui_window_freestyle.liveobject" />
    <None Include="examples\demo2\xna_ui_window_freestyle_shared_1.liveobject" />
    <None Include="examples\demo2\xna_window_freestyle.liveobject" />
    <None Include="examples\demo2\xna_window_freestyle_shared_1.liveobject" />
    <None Include="examples\demo2\xna_window_slave.liveobject" />
    <None Include="examples\demo2\XNAWindow_1_S3Only.liveobject" />
    <None Include="examples\demo2\XNAWindow_1_Server+S3.liveobject" />
    <None Include="examples\demo2\XNAWindow_1_ServerOnly.liveobject" />
    <None Include="examples\demo3\XNAWindow_1_ServerOnly.liveobject" />
    <None Include="examples\demo2\XNAWindow_2_S3Only.liveobject" />
    <None Include="examples\demo2\XNAWindow_2_Server+S3.liveobject" />
    <None Include="examples\demo2\XNAWindow_2_ServerOnly.liveobject" />
    <None Include="examples\demo3\XNAWindow_2_ServerOnly.liveobject" />
    <None Include="content\374509882DE749DA9148D5D3F51D20D1\1\data\zeppelin.xnb" />
    <None Include="content\C312BA6E943345baA586A9263E840CC6\1\data\Kootenay10.xnb" />
  </ItemGroup>
</Project>