<?xml version="1.0" encoding="utf-8"?>
<Project ToolsVersion="4.0" xmlns="http://schemas.microsoft.com/developer/msbuild/2003">
  <ItemGroup>
    <Filter Include="Source Files">
      <UniqueIdentifier>{4FC737F1-C7A5-4376-A066-2A32D752A2FF}</UniqueIdentifier>
      <Extensions>cpp;c;cc;cxx;def;odl;idl;hpj;bat;asm;asmx</Extensions>
    </Filter>
    <Filter Include="Header Files">
      <UniqueIdentifier>{93995380-89BD-4b04-88EB-625FBE52EBFB}</UniqueIdentifier>
      <Extensions>h;hpp;hxx;hm;inl;inc;xsd</Extensions>
    </Filter>
    <Filter Include="Resource Files">
      <UniqueIdentifier>{67DA6AB6-F800-4c08-8B7A-83BB121AAD01}</UniqueIdentifier>
      <Extensions>rc;ico;cur;bmp;dlg;rc2;rct;bin;rgs;gif;jpg;jpeg;jpe;resx;tiff;tif;png;wav</Extensions>
    </Filter>
  </ItemGroup>
  <ItemGroup>
    <ClCompile Include="_migrate_Core.cpp">
      <Filter>Source Files</Filter>
    </ClCompile>
    <ClCompile Include="_core_x_\Uplink\ApplicationConnection.cpp">
      <Filter>Source Files</Filter>
    </ClCompile>
    <ClCompile Include="AssemblyInfo.cpp">
      <Filter>Source Files</Filter>
    </ClCompile>
    <ClCompile Include="_core_v_\AsyncFilter.cpp">
      <Filter>Source Files</Filter>
    </ClCompile>
    <ClCompile Include="_core_v_\AsyncIo.cpp">
      <Filter>Source Files</Filter>
    </ClCompile>
    <ClCompile Include="_core_v_\AsyncOutputPin.cpp">
      <Filter>Source Files</Filter>
    </ClCompile>
    <ClCompile Include="_core_v_\AsyncReader.cpp">
      <Filter>Source Files</Filter>
    </ClCompile>
    <ClCompile Include="_core_v_\AsyncRequest.cpp">
      <Filter>Source Files</Filter>
    </ClCompile>
    <ClCompile Include="_core_c_\Core\Buffer.cpp">
      <Filter>Source Files</Filter>
    </ClCompile>
    <ClCompile Include="_core_c_\Core\Channel.cpp">
      <Filter>Source Files</Filter>
    </ClCompile>
    <ClCompile Include="_core_c_\Core\Clock.cpp">
      <Filter>Source Files</Filter>
    </ClCompile>
    <ClCompile Include="_core_x_\Uplink_old_\Connection.cpp">
      <Filter>Source Files</Filter>
    </ClCompile>
    <ClCompile Include="_core_x_\Uplink_old_\Controller.cpp">
      <Filter>Source Files</Filter>
    </ClCompile>
    <ClCompile Include="_core_c_\Core\Core.cpp">
      <Filter>Source Files</Filter>
    </ClCompile>
    <ClCompile Include="_core_c_\Core\File.cpp">
      <Filter>Source Files</Filter>
    </ClCompile>
    <ClCompile Include="_core_x_\Reflection\Library.cpp">
      <Filter>Source Files</Filter>
    </ClCompile>
    <ClCompile Include="_core_c_\Core\Listener.cpp">
      <Filter>Source Files</Filter>
    </ClCompile>
    <ClCompile Include="liveobjects_5.cpp">
      <Filter>Source Files</Filter>
    </ClCompile>
    <ClCompile Include="_core_v_\MemStream.cpp">
      <Filter>Source Files</Filter>
    </ClCompile>
    <ClCompile Include="_core_x_\Component\Classes\Movie_UI.cpp">
      <Filter>Source Files</Filter>
    </ClCompile>
    <ClCompile Include="Fx\Scheduling\MultithreadedQueue.cpp">
      <Filter>Source Files</Filter>
    </ClCompile>
    <ClCompile Include="Fx\Scheduling\NonblockingQueue.cpp">
      <Filter>Source Files</Filter>
    </ClCompile>
    <ClCompile Include="_core_v_\Packet.cpp">
      <Filter>Source Files</Filter>
    </ClCompile>
    <ClCompile Include="_core_v_\PacketReader.cpp">
      <Filter>Source Files</Filter>
    </ClCompile>
    <ClCompile Include="_core_v_\PacketStream.cpp">
      <Filter>Source Files</Filter>
    </ClCompile>
    <ClCompile Include="_core_v_\Player2.cpp">
      <Filter>Source Files</Filter>
    </ClCompile>
    <ClCompile Include="_core_c_\Core\ReceiveBuffer.cpp">
      <Filter>Source Files</Filter>
    </ClCompile>
    <ClCompile Include="_core_c_\Core\Sender.cpp">
      <Filter>Source Files</Filter>
    </ClCompile>
    <ClCompile Include="Stdafx.cpp">
      <Filter>Source Files</Filter>
    </ClCompile>
    <ClCompile Include="_core_c_\Core\Transmitter.cpp">
      <Filter>Source Files</Filter>
    </ClCompile>
    <ClCompile Include="_core_x_\Video\Video.cpp">
      <Filter>Source Files</Filter>
    </ClCompile>
  </ItemGroup>
  <ItemGroup>
    <ClInclude Include="_core_x_\Uplink_old_\_Controller_.h">
      <Filter>Header Files</Filter>
    </ClInclude>
    <ClInclude Include="_core_x_\Uplink\ApplicationConnection.h">
      <Filter>Header Files</Filter>
    </ClInclude>
    <ClInclude Include="_core_c_\Core\Buffer.h">
      <Filter>Header Files</Filter>
    </ClInclude>
    <ClInclude Include="_core_x_\Uplink\Buffer.h">
      <Filter>Header Files</Filter>
    </ClInclude>
    <ClInclude Include="_core_c_\Core\Channel.h">
      <Filter>Header Files</Filter>
    </ClInclude>
    <ClInclude Include="_core_c_\ClockSynchronization\Client.h">
      <Filter>Header Files</Filter>
    </ClInclude>
    <ClInclude Include="_core_c_\Core\Clock.h">
      <Filter>Header Files</Filter>
    </ClInclude>
    <ClInclude Include="_core_x_\Uplink_old_\Connection.h">
      <Filter>Header Files</Filter>
    </ClInclude>
    <ClInclude Include="_core_x_\Uplink_old_\Controller.h">
      <Filter>Header Files</Filter>
    </ClInclude>
    <ClInclude Include="_core_c_\ClockSynchronization\Coordinator.h">
      <Filter>Header Files</Filter>
    </ClInclude>
    <ClInclude Include="_core_c_\Core\Core.h">
      <Filter>Header Files</Filter>
    </ClInclude>
    <ClInclude Include="_core_c_\Core\File.h">
      <Filter>Header Files</Filter>
    </ClInclude>
    <ClInclude Include="_core_c_\Core\Header.h">
      <Filter>Header Files</Filter>
    </ClInclude>
    <ClInclude Include="_core_c_\Core\InterlockedQueue.h">
      <Filter>Header Files</Filter>
    </ClInclude>
    <ClInclude Include="_core_x_\Reflection\Library.h">
      <Filter>Header Files</Filter>
    </ClInclude>
    <ClInclude Include="_core_c_\Core\Listener.h">
      <Filter>Header Files</Filter>
    </ClInclude>
    <ClInclude Include="liveobjects_5.h">
      <Filter>Header Files</Filter>
    </ClInclude>
    <ClInclude Include="_core_x_\Unmanaged\MemoryChannel.h">
      <Filter>Header Files</Filter>
    </ClInclude>
    <ClInclude Include="_core_x_\Component\Classes\Movie_UI.h">
      <Filter>Header Files</Filter>
    </ClInclude>
    <ClInclude Include="Fx\Scheduling\MultithreadedQueue.h">
      <Filter>Header Files</Filter>
    </ClInclude>
    <ClInclude Include="Fx\Scheduling\NonblockingQueue.h">
      <Filter>Header Files</Filter>
    </ClInclude>
    <ClInclude Include="_core_c_\Core\Overlapped.h">
      <Filter>Header Files</Filter>
    </ClInclude>
    <ClInclude Include="_core_c_\Core\ReceiveBuffer.h">
      <Filter>Header Files</Filter>
    </ClInclude>
    <ClInclude Include="resource.h">
      <Filter>Header Files</Filter>
    </ClInclude>
    <ClInclude Include="_core_c_\Core\Sender.h">
      <Filter>Header Files</Filter>
    </ClInclude>
    <ClInclude Include="Stdafx.h">
      <Filter>Header Files</Filter>
    </ClInclude>
    <ClInclude Include="_core_c_\Core\Transmitter.h">
      <Filter>Header Files</Filter>
    </ClInclude>
    <ClInclude Include="_core_x_\Unmanaged\UnprotectedBuffer.h">
      <Filter>Header Files</Filter>
    </ClInclude>
  </ItemGroup>
  <ItemGroup>
    <None Include="app.ico">
      <Filter>Resource Files</Filter>
    </None>
    <None Include="liveobjects_5.snk" />
  </ItemGroup>
  <ItemGroup>
    <ResourceCompile Include="app.rc">
      <Filter>Resource Files</Filter>
    </ResourceCompile>
  </ItemGroup>
  <ItemGroup>
    <CustomBuildStep Include="_migrate_Core.h">
      <Filter>Header Files</Filter>
    </CustomBuildStep>
    <CustomBuildStep Include="_core_v_\AsyncFilter.h">
      <Filter>Header Files</Filter>
    </CustomBuildStep>
    <CustomBuildStep Include="_core_v_\AsyncIo.h">
      <Filter>Header Files</Filter>
    </CustomBuildStep>
    <CustomBuildStep Include="_core_v_\AsyncOutputPin.h">
      <Filter>Header Files</Filter>
    </CustomBuildStep>
    <CustomBuildStep Include="_core_v_\AsyncReader.h">
      <Filter>Header Files</Filter>
    </CustomBuildStep>
    <CustomBuildStep Include="_core_v_\AsyncRequest.h">
      <Filter>Header Files</Filter>
    </CustomBuildStep>
    <CustomBuildStep Include="_core_v_\AsyncStream.h">
      <Filter>Header Files</Filter>
    </CustomBuildStep>
    <CustomBuildStep Include="_core_v_\MemStream.h">
      <Filter>Header Files</Filter>
    </CustomBuildStep>
    <CustomBuildStep Include="_core_v_\Packet.h">
      <Filter>Header Files</Filter>
    </CustomBuildStep>
    <CustomBuildStep Include="_core_v_\PacketReader.h">
      <Filter>Header Files</Filter>
    </CustomBuildStep>
    <CustomBuildStep Include="_core_v_\PacketStream.h">
      <Filter>Header Files</Filter>
    </CustomBuildStep>
    <CustomBuildStep Include="_core_x_\Video\Video.h">
      <Filter>Header Files</Filter>
    </CustomBuildStep>
  </ItemGroup>
</Project>